// !$*UTF8*$!
{
	archiveVersion = 1;
	classes = {
	};
	objectVersion = 50;
	objects = {

/* Begin PBXBuildFile section */
		0665820426BCCE8D00684C8E /* Tests_iOS.swift in Sources */ = {isa = PBXBuildFile; fileRef = 0665820326BCCE8D00684C8E /* Tests_iOS.swift */; };
		0665820F26BCCE8D00684C8E /* Tests_macOS.swift in Sources */ = {isa = PBXBuildFile; fileRef = 0665820E26BCCE8D00684C8E /* Tests_macOS.swift */; };
		0665821126BCCE8D00684C8E /* GoogleFontEditorApp.swift in Sources */ = {isa = PBXBuildFile; fileRef = 066581E826BCCE8900684C8E /* GoogleFontEditorApp.swift */; };
		0665821226BCCE8D00684C8E /* GoogleFontEditorApp.swift in Sources */ = {isa = PBXBuildFile; fileRef = 066581E826BCCE8900684C8E /* GoogleFontEditorApp.swift */; };
		0665821326BCCE8D00684C8E /* ContentView.swift in Sources */ = {isa = PBXBuildFile; fileRef = 066581E926BCCE8900684C8E /* ContentView.swift */; };
		0665821426BCCE8D00684C8E /* ContentView.swift in Sources */ = {isa = PBXBuildFile; fileRef = 066581E926BCCE8900684C8E /* ContentView.swift */; };
		0665821526BCCE8D00684C8E /* Assets.xcassets in Resources */ = {isa = PBXBuildFile; fileRef = 066581EA26BCCE8D00684C8E /* Assets.xcassets */; };
		0665821626BCCE8D00684C8E /* Assets.xcassets in Resources */ = {isa = PBXBuildFile; fileRef = 066581EA26BCCE8D00684C8E /* Assets.xcassets */; };
		0665822626BCD75300684C8E /* FontService.swift in Sources */ = {isa = PBXBuildFile; fileRef = 0665822526BCD75300684C8E /* FontService.swift */; };
		0665822726BCD75300684C8E /* FontService.swift in Sources */ = {isa = PBXBuildFile; fileRef = 0665822526BCD75300684C8E /* FontService.swift */; };
		0665822826BCE20500684C8E /* FontService.swift in Sources */ = {isa = PBXBuildFile; fileRef = 0665822526BCD75300684C8E /* FontService.swift */; };
/* End PBXBuildFile section */

/* Begin PBXContainerItemProxy section */
		0665820026BCCE8D00684C8E /* PBXContainerItemProxy */ = {
			isa = PBXContainerItemProxy;
			containerPortal = 066581E326BCCE8900684C8E /* Project object */;
			proxyType = 1;
			remoteGlobalIDString = 066581EE26BCCE8D00684C8E;
			remoteInfo = "GoogleFontEditor (iOS)";
		};
		0665820B26BCCE8D00684C8E /* PBXContainerItemProxy */ = {
			isa = PBXContainerItemProxy;
			containerPortal = 066581E326BCCE8900684C8E /* Project object */;
			proxyType = 1;
			remoteGlobalIDString = 066581F626BCCE8D00684C8E;
			remoteInfo = "GoogleFontEditor (macOS)";
		};
/* End PBXContainerItemProxy section */

/* Begin PBXFileReference section */
		066581E826BCCE8900684C8E /* GoogleFontEditorApp.swift */ = {isa = PBXFileReference; lastKnownFileType = sourcecode.swift; path = GoogleFontEditorApp.swift; sourceTree = "<group>"; };
		066581E926BCCE8900684C8E /* ContentView.swift */ = {isa = PBXFileReference; lastKnownFileType = sourcecode.swift; path = ContentView.swift; sourceTree = "<group>"; };
		066581EA26BCCE8D00684C8E /* Assets.xcassets */ = {isa = PBXFileReference; lastKnownFileType = folder.assetcatalog; path = Assets.xcassets; sourceTree = "<group>"; };
		066581EF26BCCE8D00684C8E /* GoogleFontViewer.app */ = {isa = PBXFileReference; explicitFileType = wrapper.application; includeInIndex = 0; path = GoogleFontViewer.app; sourceTree = BUILT_PRODUCTS_DIR; };
		066581F226BCCE8D00684C8E /* Info.plist */ = {isa = PBXFileReference; lastKnownFileType = text.plist.xml; path = Info.plist; sourceTree = "<group>"; };
		066581F726BCCE8D00684C8E /* GoogleFontViewer.app */ = {isa = PBXFileReference; explicitFileType = wrapper.application; includeInIndex = 0; path = GoogleFontViewer.app; sourceTree = BUILT_PRODUCTS_DIR; };
		066581F926BCCE8D00684C8E /* Info.plist */ = {isa = PBXFileReference; lastKnownFileType = text.plist.xml; path = Info.plist; sourceTree = "<group>"; };
		066581FA26BCCE8D00684C8E /* macOS.entitlements */ = {isa = PBXFileReference; lastKnownFileType = text.plist.entitlements; path = macOS.entitlements; sourceTree = "<group>"; };
		066581FF26BCCE8D00684C8E /* Tests iOS.xctest */ = {isa = PBXFileReference; explicitFileType = wrapper.cfbundle; includeInIndex = 0; path = "Tests iOS.xctest"; sourceTree = BUILT_PRODUCTS_DIR; };
		0665820326BCCE8D00684C8E /* Tests_iOS.swift */ = {isa = PBXFileReference; lastKnownFileType = sourcecode.swift; path = Tests_iOS.swift; sourceTree = "<group>"; };
		0665820526BCCE8D00684C8E /* Info.plist */ = {isa = PBXFileReference; lastKnownFileType = text.plist.xml; path = Info.plist; sourceTree = "<group>"; };
		0665820A26BCCE8D00684C8E /* Tests macOS.xctest */ = {isa = PBXFileReference; explicitFileType = wrapper.cfbundle; includeInIndex = 0; path = "Tests macOS.xctest"; sourceTree = BUILT_PRODUCTS_DIR; };
		0665820E26BCCE8D00684C8E /* Tests_macOS.swift */ = {isa = PBXFileReference; lastKnownFileType = sourcecode.swift; path = Tests_macOS.swift; sourceTree = "<group>"; };
		0665821026BCCE8D00684C8E /* Info.plist */ = {isa = PBXFileReference; lastKnownFileType = text.plist.xml; path = Info.plist; sourceTree = "<group>"; };
		0665822526BCD75300684C8E /* FontService.swift */ = {isa = PBXFileReference; lastKnownFileType = sourcecode.swift; path = FontService.swift; sourceTree = "<group>"; };
/* End PBXFileReference section */

/* Begin PBXFrameworksBuildPhase section */
		066581EC26BCCE8D00684C8E /* Frameworks */ = {
			isa = PBXFrameworksBuildPhase;
			buildActionMask = 2147483647;
			files = (
			);
			runOnlyForDeploymentPostprocessing = 0;
		};
		066581F426BCCE8D00684C8E /* Frameworks */ = {
			isa = PBXFrameworksBuildPhase;
			buildActionMask = 2147483647;
			files = (
			);
			runOnlyForDeploymentPostprocessing = 0;
		};
		066581FC26BCCE8D00684C8E /* Frameworks */ = {
			isa = PBXFrameworksBuildPhase;
			buildActionMask = 2147483647;
			files = (
			);
			runOnlyForDeploymentPostprocessing = 0;
		};
		0665820726BCCE8D00684C8E /* Frameworks */ = {
			isa = PBXFrameworksBuildPhase;
			buildActionMask = 2147483647;
			files = (
			);
			runOnlyForDeploymentPostprocessing = 0;
		};
/* End PBXFrameworksBuildPhase section */

/* Begin PBXGroup section */
		066581E226BCCE8900684C8E = {
			isa = PBXGroup;
			children = (
				066581E726BCCE8900684C8E /* Shared */,
				066581F126BCCE8D00684C8E /* iOS */,
				066581F826BCCE8D00684C8E /* macOS */,
				0665820226BCCE8D00684C8E /* Tests iOS */,
				0665820D26BCCE8D00684C8E /* Tests macOS */,
				066581F026BCCE8D00684C8E /* Products */,
			);
			sourceTree = "<group>";
		};
		066581E726BCCE8900684C8E /* Shared */ = {
			isa = PBXGroup;
			children = (
				066581E826BCCE8900684C8E /* GoogleFontEditorApp.swift */,
				066581E926BCCE8900684C8E /* ContentView.swift */,
				066581EA26BCCE8D00684C8E /* Assets.xcassets */,
				0665822526BCD75300684C8E /* FontService.swift */,
			);
			path = Shared;
			sourceTree = "<group>";
		};
		066581F026BCCE8D00684C8E /* Products */ = {
			isa = PBXGroup;
			children = (
				066581EF26BCCE8D00684C8E /* GoogleFontViewer.app */,
				066581F726BCCE8D00684C8E /* GoogleFontViewer.app */,
				066581FF26BCCE8D00684C8E /* Tests iOS.xctest */,
				0665820A26BCCE8D00684C8E /* Tests macOS.xctest */,
			);
			name = Products;
			sourceTree = "<group>";
		};
		066581F126BCCE8D00684C8E /* iOS */ = {
			isa = PBXGroup;
			children = (
				066581F226BCCE8D00684C8E /* Info.plist */,
			);
			path = iOS;
			sourceTree = "<group>";
		};
		066581F826BCCE8D00684C8E /* macOS */ = {
			isa = PBXGroup;
			children = (
				066581F926BCCE8D00684C8E /* Info.plist */,
				066581FA26BCCE8D00684C8E /* macOS.entitlements */,
			);
			path = macOS;
			sourceTree = "<group>";
		};
		0665820226BCCE8D00684C8E /* Tests iOS */ = {
			isa = PBXGroup;
			children = (
				0665820326BCCE8D00684C8E /* Tests_iOS.swift */,
				0665820526BCCE8D00684C8E /* Info.plist */,
			);
			path = "Tests iOS";
			sourceTree = "<group>";
		};
		0665820D26BCCE8D00684C8E /* Tests macOS */ = {
			isa = PBXGroup;
			children = (
				0665820E26BCCE8D00684C8E /* Tests_macOS.swift */,
				0665821026BCCE8D00684C8E /* Info.plist */,
			);
			path = "Tests macOS";
			sourceTree = "<group>";
		};
/* End PBXGroup section */

/* Begin PBXNativeTarget section */
		066581EE26BCCE8D00684C8E /* GoogleFontViewer (iOS) */ = {
			isa = PBXNativeTarget;
			buildConfigurationList = 0665821926BCCE8D00684C8E /* Build configuration list for PBXNativeTarget "GoogleFontViewer (iOS)" */;
			buildPhases = (
				066581EB26BCCE8D00684C8E /* Sources */,
				066581EC26BCCE8D00684C8E /* Frameworks */,
				066581ED26BCCE8D00684C8E /* Resources */,
			);
			buildRules = (
			);
			dependencies = (
			);
			name = "GoogleFontViewer (iOS)";
			productName = "GoogleFontEditor (iOS)";
			productReference = 066581EF26BCCE8D00684C8E /* GoogleFontViewer.app */;
			productType = "com.apple.product-type.application";
		};
		066581F626BCCE8D00684C8E /* GoogleFontViewer (macOS) */ = {
			isa = PBXNativeTarget;
			buildConfigurationList = 0665821C26BCCE8D00684C8E /* Build configuration list for PBXNativeTarget "GoogleFontViewer (macOS)" */;
			buildPhases = (
				066581F326BCCE8D00684C8E /* Sources */,
				066581F426BCCE8D00684C8E /* Frameworks */,
				066581F526BCCE8D00684C8E /* Resources */,
			);
			buildRules = (
			);
			dependencies = (
			);
			name = "GoogleFontViewer (macOS)";
			productName = "GoogleFontEditor (macOS)";
			productReference = 066581F726BCCE8D00684C8E /* GoogleFontViewer.app */;
			productType = "com.apple.product-type.application";
		};
		066581FE26BCCE8D00684C8E /* Tests iOS */ = {
			isa = PBXNativeTarget;
			buildConfigurationList = 0665821F26BCCE8D00684C8E /* Build configuration list for PBXNativeTarget "Tests iOS" */;
			buildPhases = (
				066581FB26BCCE8D00684C8E /* Sources */,
				066581FC26BCCE8D00684C8E /* Frameworks */,
				066581FD26BCCE8D00684C8E /* Resources */,
			);
			buildRules = (
			);
			dependencies = (
				0665820126BCCE8D00684C8E /* PBXTargetDependency */,
			);
			name = "Tests iOS";
			productName = "Tests iOS";
			productReference = 066581FF26BCCE8D00684C8E /* Tests iOS.xctest */;
			productType = "com.apple.product-type.bundle.ui-testing";
		};
		0665820926BCCE8D00684C8E /* Tests macOS */ = {
			isa = PBXNativeTarget;
			buildConfigurationList = 0665822226BCCE8D00684C8E /* Build configuration list for PBXNativeTarget "Tests macOS" */;
			buildPhases = (
				0665820626BCCE8D00684C8E /* Sources */,
				0665820726BCCE8D00684C8E /* Frameworks */,
				0665820826BCCE8D00684C8E /* Resources */,
			);
			buildRules = (
			);
			dependencies = (
				0665820C26BCCE8D00684C8E /* PBXTargetDependency */,
			);
			name = "Tests macOS";
			productName = "Tests macOS";
			productReference = 0665820A26BCCE8D00684C8E /* Tests macOS.xctest */;
			productType = "com.apple.product-type.bundle.ui-testing";
		};
/* End PBXNativeTarget section */

/* Begin PBXProject section */
		066581E326BCCE8900684C8E /* Project object */ = {
			isa = PBXProject;
			attributes = {
				LastSwiftUpdateCheck = 1250;
				LastUpgradeCheck = 1250;
				TargetAttributes = {
					066581EE26BCCE8D00684C8E = {
						CreatedOnToolsVersion = 12.5.1;
					};
					066581F626BCCE8D00684C8E = {
						CreatedOnToolsVersion = 12.5.1;
					};
					066581FE26BCCE8D00684C8E = {
						CreatedOnToolsVersion = 12.5.1;
						TestTargetID = 066581EE26BCCE8D00684C8E;
					};
					0665820926BCCE8D00684C8E = {
						CreatedOnToolsVersion = 12.5.1;
						TestTargetID = 066581F626BCCE8D00684C8E;
					};
				};
			};
			buildConfigurationList = 066581E626BCCE8900684C8E /* Build configuration list for PBXProject "GoogleFontViewer" */;
			compatibilityVersion = "Xcode 9.3";
			developmentRegion = en;
			hasScannedForEncodings = 0;
			knownRegions = (
				en,
				Base,
			);
			mainGroup = 066581E226BCCE8900684C8E;
			productRefGroup = 066581F026BCCE8D00684C8E /* Products */;
			projectDirPath = "";
			projectRoot = "";
			targets = (
				066581EE26BCCE8D00684C8E /* GoogleFontViewer (iOS) */,
				066581F626BCCE8D00684C8E /* GoogleFontViewer (macOS) */,
				066581FE26BCCE8D00684C8E /* Tests iOS */,
				0665820926BCCE8D00684C8E /* Tests macOS */,
			);
		};
/* End PBXProject section */

/* Begin PBXResourcesBuildPhase section */
		066581ED26BCCE8D00684C8E /* Resources */ = {
			isa = PBXResourcesBuildPhase;
			buildActionMask = 2147483647;
			files = (
				0665821526BCCE8D00684C8E /* Assets.xcassets in Resources */,
			);
			runOnlyForDeploymentPostprocessing = 0;
		};
		066581F526BCCE8D00684C8E /* Resources */ = {
			isa = PBXResourcesBuildPhase;
			buildActionMask = 2147483647;
			files = (
				0665821626BCCE8D00684C8E /* Assets.xcassets in Resources */,
			);
			runOnlyForDeploymentPostprocessing = 0;
		};
		066581FD26BCCE8D00684C8E /* Resources */ = {
			isa = PBXResourcesBuildPhase;
			buildActionMask = 2147483647;
			files = (
			);
			runOnlyForDeploymentPostprocessing = 0;
		};
		0665820826BCCE8D00684C8E /* Resources */ = {
			isa = PBXResourcesBuildPhase;
			buildActionMask = 2147483647;
			files = (
			);
			runOnlyForDeploymentPostprocessing = 0;
		};
/* End PBXResourcesBuildPhase section */

/* Begin PBXSourcesBuildPhase section */
		066581EB26BCCE8D00684C8E /* Sources */ = {
			isa = PBXSourcesBuildPhase;
			buildActionMask = 2147483647;
			files = (
				0665822626BCD75300684C8E /* FontService.swift in Sources */,
				0665821326BCCE8D00684C8E /* ContentView.swift in Sources */,
				0665821126BCCE8D00684C8E /* GoogleFontEditorApp.swift in Sources */,
			);
			runOnlyForDeploymentPostprocessing = 0;
		};
		066581F326BCCE8D00684C8E /* Sources */ = {
			isa = PBXSourcesBuildPhase;
			buildActionMask = 2147483647;
			files = (
				0665822726BCD75300684C8E /* FontService.swift in Sources */,
				0665821426BCCE8D00684C8E /* ContentView.swift in Sources */,
				0665821226BCCE8D00684C8E /* GoogleFontEditorApp.swift in Sources */,
			);
			runOnlyForDeploymentPostprocessing = 0;
		};
		066581FB26BCCE8D00684C8E /* Sources */ = {
			isa = PBXSourcesBuildPhase;
			buildActionMask = 2147483647;
			files = (
				0665822826BCE20500684C8E /* FontService.swift in Sources */,
				0665820426BCCE8D00684C8E /* Tests_iOS.swift in Sources */,
			);
			runOnlyForDeploymentPostprocessing = 0;
		};
		0665820626BCCE8D00684C8E /* Sources */ = {
			isa = PBXSourcesBuildPhase;
			buildActionMask = 2147483647;
			files = (
				0665820F26BCCE8D00684C8E /* Tests_macOS.swift in Sources */,
			);
			runOnlyForDeploymentPostprocessing = 0;
		};
/* End PBXSourcesBuildPhase section */

/* Begin PBXTargetDependency section */
		0665820126BCCE8D00684C8E /* PBXTargetDependency */ = {
			isa = PBXTargetDependency;
			target = 066581EE26BCCE8D00684C8E /* GoogleFontViewer (iOS) */;
			targetProxy = 0665820026BCCE8D00684C8E /* PBXContainerItemProxy */;
		};
		0665820C26BCCE8D00684C8E /* PBXTargetDependency */ = {
			isa = PBXTargetDependency;
			target = 066581F626BCCE8D00684C8E /* GoogleFontViewer (macOS) */;
			targetProxy = 0665820B26BCCE8D00684C8E /* PBXContainerItemProxy */;
		};
/* End PBXTargetDependency section */

/* Begin XCBuildConfiguration section */
		0665821726BCCE8D00684C8E /* Debug */ = {
			isa = XCBuildConfiguration;
			buildSettings = {
				ALWAYS_SEARCH_USER_PATHS = NO;
				CLANG_ANALYZER_NONNULL = YES;
				CLANG_ANALYZER_NUMBER_OBJECT_CONVERSION = YES_AGGRESSIVE;
				CLANG_CXX_LANGUAGE_STANDARD = "gnu++14";
				CLANG_CXX_LIBRARY = "libc++";
				CLANG_ENABLE_MODULES = YES;
				CLANG_ENABLE_OBJC_ARC = YES;
				CLANG_ENABLE_OBJC_WEAK = YES;
				CLANG_WARN_BLOCK_CAPTURE_AUTORELEASING = YES;
				CLANG_WARN_BOOL_CONVERSION = YES;
				CLANG_WARN_COMMA = YES;
				CLANG_WARN_CONSTANT_CONVERSION = YES;
				CLANG_WARN_DEPRECATED_OBJC_IMPLEMENTATIONS = YES;
				CLANG_WARN_DIRECT_OBJC_ISA_USAGE = YES_ERROR;
				CLANG_WARN_DOCUMENTATION_COMMENTS = YES;
				CLANG_WARN_EMPTY_BODY = YES;
				CLANG_WARN_ENUM_CONVERSION = YES;
				CLANG_WARN_INFINITE_RECURSION = YES;
				CLANG_WARN_INT_CONVERSION = YES;
				CLANG_WARN_NON_LITERAL_NULL_CONVERSION = YES;
				CLANG_WARN_OBJC_IMPLICIT_RETAIN_SELF = YES;
				CLANG_WARN_OBJC_LITERAL_CONVERSION = YES;
				CLANG_WARN_OBJC_ROOT_CLASS = YES_ERROR;
				CLANG_WARN_QUOTED_INCLUDE_IN_FRAMEWORK_HEADER = YES;
				CLANG_WARN_RANGE_LOOP_ANALYSIS = YES;
				CLANG_WARN_STRICT_PROTOTYPES = YES;
				CLANG_WARN_SUSPICIOUS_MOVE = YES;
				CLANG_WARN_UNGUARDED_AVAILABILITY = YES_AGGRESSIVE;
				CLANG_WARN_UNREACHABLE_CODE = YES;
				CLANG_WARN__DUPLICATE_METHOD_MATCH = YES;
				COPY_PHASE_STRIP = NO;
				DEBUG_INFORMATION_FORMAT = dwarf;
				ENABLE_STRICT_OBJC_MSGSEND = YES;
				ENABLE_TESTABILITY = YES;
				GCC_C_LANGUAGE_STANDARD = gnu11;
				GCC_DYNAMIC_NO_PIC = NO;
				GCC_NO_COMMON_BLOCKS = YES;
				GCC_OPTIMIZATION_LEVEL = 0;
				GCC_PREPROCESSOR_DEFINITIONS = (
					"DEBUG=1",
					"$(inherited)",
				);
				GCC_WARN_64_TO_32_BIT_CONVERSION = YES;
				GCC_WARN_ABOUT_RETURN_TYPE = YES_ERROR;
				GCC_WARN_UNDECLARED_SELECTOR = YES;
				GCC_WARN_UNINITIALIZED_AUTOS = YES_AGGRESSIVE;
				GCC_WARN_UNUSED_FUNCTION = YES;
				GCC_WARN_UNUSED_VARIABLE = YES;
				MTL_ENABLE_DEBUG_INFO = INCLUDE_SOURCE;
				MTL_FAST_MATH = YES;
				ONLY_ACTIVE_ARCH = YES;
				SWIFT_ACTIVE_COMPILATION_CONDITIONS = DEBUG;
				SWIFT_OPTIMIZATION_LEVEL = "-Onone";
			};
			name = Debug;
		};
		0665821826BCCE8D00684C8E /* Release */ = {
			isa = XCBuildConfiguration;
			buildSettings = {
				ALWAYS_SEARCH_USER_PATHS = NO;
				CLANG_ANALYZER_NONNULL = YES;
				CLANG_ANALYZER_NUMBER_OBJECT_CONVERSION = YES_AGGRESSIVE;
				CLANG_CXX_LANGUAGE_STANDARD = "gnu++14";
				CLANG_CXX_LIBRARY = "libc++";
				CLANG_ENABLE_MODULES = YES;
				CLANG_ENABLE_OBJC_ARC = YES;
				CLANG_ENABLE_OBJC_WEAK = YES;
				CLANG_WARN_BLOCK_CAPTURE_AUTORELEASING = YES;
				CLANG_WARN_BOOL_CONVERSION = YES;
				CLANG_WARN_COMMA = YES;
				CLANG_WARN_CONSTANT_CONVERSION = YES;
				CLANG_WARN_DEPRECATED_OBJC_IMPLEMENTATIONS = YES;
				CLANG_WARN_DIRECT_OBJC_ISA_USAGE = YES_ERROR;
				CLANG_WARN_DOCUMENTATION_COMMENTS = YES;
				CLANG_WARN_EMPTY_BODY = YES;
				CLANG_WARN_ENUM_CONVERSION = YES;
				CLANG_WARN_INFINITE_RECURSION = YES;
				CLANG_WARN_INT_CONVERSION = YES;
				CLANG_WARN_NON_LITERAL_NULL_CONVERSION = YES;
				CLANG_WARN_OBJC_IMPLICIT_RETAIN_SELF = YES;
				CLANG_WARN_OBJC_LITERAL_CONVERSION = YES;
				CLANG_WARN_OBJC_ROOT_CLASS = YES_ERROR;
				CLANG_WARN_QUOTED_INCLUDE_IN_FRAMEWORK_HEADER = YES;
				CLANG_WARN_RANGE_LOOP_ANALYSIS = YES;
				CLANG_WARN_STRICT_PROTOTYPES = YES;
				CLANG_WARN_SUSPICIOUS_MOVE = YES;
				CLANG_WARN_UNGUARDED_AVAILABILITY = YES_AGGRESSIVE;
				CLANG_WARN_UNREACHABLE_CODE = YES;
				CLANG_WARN__DUPLICATE_METHOD_MATCH = YES;
				COPY_PHASE_STRIP = NO;
				DEBUG_INFORMATION_FORMAT = "dwarf-with-dsym";
				ENABLE_NS_ASSERTIONS = NO;
				ENABLE_STRICT_OBJC_MSGSEND = YES;
				GCC_C_LANGUAGE_STANDARD = gnu11;
				GCC_NO_COMMON_BLOCKS = YES;
				GCC_WARN_64_TO_32_BIT_CONVERSION = YES;
				GCC_WARN_ABOUT_RETURN_TYPE = YES_ERROR;
				GCC_WARN_UNDECLARED_SELECTOR = YES;
				GCC_WARN_UNINITIALIZED_AUTOS = YES_AGGRESSIVE;
				GCC_WARN_UNUSED_FUNCTION = YES;
				GCC_WARN_UNUSED_VARIABLE = YES;
				MTL_ENABLE_DEBUG_INFO = NO;
				MTL_FAST_MATH = YES;
				SWIFT_COMPILATION_MODE = wholemodule;
				SWIFT_OPTIMIZATION_LEVEL = "-O";
			};
			name = Release;
		};
		0665821A26BCCE8D00684C8E /* Debug */ = {
			isa = XCBuildConfiguration;
			buildSettings = {
				ASSETCATALOG_COMPILER_APPICON_NAME = AppIcon;
				ASSETCATALOG_COMPILER_GLOBAL_ACCENT_COLOR_NAME = AccentColor;
				CODE_SIGN_STYLE = Automatic;
				DEVELOPMENT_TEAM = ZRFNUSQY95;
				ENABLE_PREVIEWS = YES;
				INFOPLIST_FILE = iOS/Info.plist;
				IPHONEOS_DEPLOYMENT_TARGET = 14.0;
				LD_RUNPATH_SEARCH_PATHS = (
					"$(inherited)",
					"@executable_path/Frameworks",
				);
				PRODUCT_BUNDLE_IDENTIFIER = chenhai.teng.GoogleFontViewer;
				PRODUCT_NAME = GoogleFontViewer;
				SDKROOT = iphoneos;
				SWIFT_VERSION = 5.0;
				TARGETED_DEVICE_FAMILY = "1,2";
			};
			name = Debug;
		};
		0665821B26BCCE8D00684C8E /* Release */ = {
			isa = XCBuildConfiguration;
			buildSettings = {
				ASSETCATALOG_COMPILER_APPICON_NAME = AppIcon;
				ASSETCATALOG_COMPILER_GLOBAL_ACCENT_COLOR_NAME = AccentColor;
				CODE_SIGN_STYLE = Automatic;
				DEVELOPMENT_TEAM = ZRFNUSQY95;
				ENABLE_PREVIEWS = YES;
				INFOPLIST_FILE = iOS/Info.plist;
				IPHONEOS_DEPLOYMENT_TARGET = 14.0;
				LD_RUNPATH_SEARCH_PATHS = (
					"$(inherited)",
					"@executable_path/Frameworks",
				);
				PRODUCT_BUNDLE_IDENTIFIER = chenhai.teng.GoogleFontViewer;
				PRODUCT_NAME = GoogleFontViewer;
				SDKROOT = iphoneos;
				SWIFT_VERSION = 5.0;
				TARGETED_DEVICE_FAMILY = "1,2";
				VALIDATE_PRODUCT = YES;
			};
			name = Release;
		};
		0665821D26BCCE8D00684C8E /* Debug */ = {
			isa = XCBuildConfiguration;
			buildSettings = {
				ASSETCATALOG_COMPILER_APPICON_NAME = AppIcon;
				ASSETCATALOG_COMPILER_GLOBAL_ACCENT_COLOR_NAME = AccentColor;
				CODE_SIGN_ENTITLEMENTS = macOS/macOS.entitlements;
				CODE_SIGN_STYLE = Automatic;
				COMBINE_HIDPI_IMAGES = YES;
				DEVELOPMENT_TEAM = ZRFNUSQY95;
				ENABLE_HARDENED_RUNTIME = YES;
				ENABLE_PREVIEWS = YES;
				INFOPLIST_FILE = macOS/Info.plist;
				LD_RUNPATH_SEARCH_PATHS = (
					"$(inherited)",
					"@executable_path/../Frameworks",
				);
				MACOSX_DEPLOYMENT_TARGET = 11.0;
				PRODUCT_BUNDLE_IDENTIFIER = chenhai.teng.GoogleFontViewer;
				PRODUCT_NAME = GoogleFontViewer;
				SDKROOT = macosx;
				SWIFT_VERSION = 5.0;
			};
			name = Debug;
		};
		0665821E26BCCE8D00684C8E /* Release */ = {
			isa = XCBuildConfiguration;
			buildSettings = {
				ASSETCATALOG_COMPILER_APPICON_NAME = AppIcon;
				ASSETCATALOG_COMPILER_GLOBAL_ACCENT_COLOR_NAME = AccentColor;
				CODE_SIGN_ENTITLEMENTS = macOS/macOS.entitlements;
				CODE_SIGN_STYLE = Automatic;
				COMBINE_HIDPI_IMAGES = YES;
				DEVELOPMENT_TEAM = ZRFNUSQY95;
				ENABLE_HARDENED_RUNTIME = YES;
				ENABLE_PREVIEWS = YES;
				INFOPLIST_FILE = macOS/Info.plist;
				LD_RUNPATH_SEARCH_PATHS = (
					"$(inherited)",
					"@executable_path/../Frameworks",
				);
				MACOSX_DEPLOYMENT_TARGET = 11.0;
				PRODUCT_BUNDLE_IDENTIFIER = chenhai.teng.GoogleFontViewer;
				PRODUCT_NAME = GoogleFontViewer;
				SDKROOT = macosx;
				SWIFT_VERSION = 5.0;
			};
			name = Release;
		};
		0665822026BCCE8D00684C8E /* Debug */ = {
			isa = XCBuildConfiguration;
			buildSettings = {
				ALWAYS_EMBED_SWIFT_STANDARD_LIBRARIES = YES;
				CODE_SIGN_STYLE = Automatic;
				DEVELOPMENT_TEAM = ZRFNUSQY95;
				INFOPLIST_FILE = "Tests iOS/Info.plist";
				IPHONEOS_DEPLOYMENT_TARGET = 14.5;
				LD_RUNPATH_SEARCH_PATHS = (
					"$(inherited)",
					"@executable_path/Frameworks",
					"@loader_path/Frameworks",
				);
				PRODUCT_BUNDLE_IDENTIFIER = "chenhai.teng.Tests-iOS";
				PRODUCT_NAME = "$(TARGET_NAME)";
				SDKROOT = iphoneos;
				SWIFT_VERSION = 5.0;
				TARGETED_DEVICE_FAMILY = "1,2";
				TEST_TARGET_NAME = "GoogleFontViewer (iOS)";
			};
			name = Debug;
		};
		0665822126BCCE8D00684C8E /* Release */ = {
			isa = XCBuildConfiguration;
			buildSettings = {
				ALWAYS_EMBED_SWIFT_STANDARD_LIBRARIES = YES;
				CODE_SIGN_STYLE = Automatic;
				DEVELOPMENT_TEAM = ZRFNUSQY95;
				INFOPLIST_FILE = "Tests iOS/Info.plist";
				IPHONEOS_DEPLOYMENT_TARGET = 14.5;
				LD_RUNPATH_SEARCH_PATHS = (
					"$(inherited)",
					"@executable_path/Frameworks",
					"@loader_path/Frameworks",
				);
				PRODUCT_BUNDLE_IDENTIFIER = "chenhai.teng.Tests-iOS";
				PRODUCT_NAME = "$(TARGET_NAME)";
				SDKROOT = iphoneos;
				SWIFT_VERSION = 5.0;
				TARGETED_DEVICE_FAMILY = "1,2";
				TEST_TARGET_NAME = "GoogleFontViewer (iOS)";
				VALIDATE_PRODUCT = YES;
			};
			name = Release;
		};
		0665822326BCCE8D00684C8E /* Debug */ = {
			isa = XCBuildConfiguration;
			buildSettings = {
				ALWAYS_EMBED_SWIFT_STANDARD_LIBRARIES = YES;
				CODE_SIGN_STYLE = Automatic;
				COMBINE_HIDPI_IMAGES = YES;
				DEVELOPMENT_TEAM = ZRFNUSQY95;
				INFOPLIST_FILE = "Tests macOS/Info.plist";
				LD_RUNPATH_SEARCH_PATHS = (
					"$(inherited)",
					"@executable_path/../Frameworks",
					"@loader_path/../Frameworks",
				);
				MACOSX_DEPLOYMENT_TARGET = 11.3;
				PRODUCT_BUNDLE_IDENTIFIER = "chenhai.teng.Tests-macOS";
				PRODUCT_NAME = "$(TARGET_NAME)";
				SDKROOT = macosx;
				SWIFT_VERSION = 5.0;
				TEST_TARGET_NAME = "GoogleFontViewer (macOS)";
			};
			name = Debug;
		};
		0665822426BCCE8D00684C8E /* Release */ = {
			isa = XCBuildConfiguration;
			buildSettings = {
				ALWAYS_EMBED_SWIFT_STANDARD_LIBRARIES = YES;
				CODE_SIGN_STYLE = Automatic;
				COMBINE_HIDPI_IMAGES = YES;
				DEVELOPMENT_TEAM = ZRFNUSQY95;
				INFOPLIST_FILE = "Tests macOS/Info.plist";
				LD_RUNPATH_SEARCH_PATHS = (
					"$(inherited)",
					"@executable_path/../Frameworks",
					"@loader_path/../Frameworks",
				);
				MACOSX_DEPLOYMENT_TARGET = 11.3;
				PRODUCT_BUNDLE_IDENTIFIER = "chenhai.teng.Tests-macOS";
				PRODUCT_NAME = "$(TARGET_NAME)";
				SDKROOT = macosx;
				SWIFT_VERSION = 5.0;
				TEST_TARGET_NAME = "GoogleFontViewer (macOS)";
			};
			name = Release;
		};
/* End XCBuildConfiguration section */

/* Begin XCConfigurationList section */
		066581E626BCCE8900684C8E /* Build configuration list for PBXProject "GoogleFontViewer" */ = {
			isa = XCConfigurationList;
			buildConfigurations = (
				0665821726BCCE8D00684C8E /* Debug */,
				0665821826BCCE8D00684C8E /* Release */,
			);
			defaultConfigurationIsVisible = 0;
			defaultConfigurationName = Release;
		};
		0665821926BCCE8D00684C8E /* Build configuration list for PBXNativeTarget "GoogleFontViewer (iOS)" */ = {
			isa = XCConfigurationList;
			buildConfigurations = (
				0665821A26BCCE8D00684C8E /* Debug */,
				0665821B26BCCE8D00684C8E /* Release */,
			);
			defaultConfigurationIsVisible = 0;
			defaultConfigurationName = Release;
		};
		0665821C26BCCE8D00684C8E /* Build configuration list for PBXNativeTarget "GoogleFontViewer (macOS)" */ = {
			isa = XCConfigurationList;
			buildConfigurations = (
				0665821D26BCCE8D00684C8E /* Debug */,
				0665821E26BCCE8D00684C8E /* Release */,
			);
			defaultConfigurationIsVisible = 0;
			defaultConfigurationName = Release;
		};
		0665821F26BCCE8D00684C8E /* Build configuration list for PBXNativeTarget "Tests iOS" */ = {
			isa = XCConfigurationList;
			buildConfigurations = (
				0665822026BCCE8D00684C8E /* Debug */,
				0665822126BCCE8D00684C8E /* Release */,
			);
			defaultConfigurationIsVisible = 0;
			defaultConfigurationName = Release;
		};
		0665822226BCCE8D00684C8E /* Build configuration list for PBXNativeTarget "Tests macOS" */ = {
			isa = XCConfigurationList;
			buildConfigurations = (
				0665822326BCCE8D00684C8E /* Debug */,
				0665822426BCCE8D00684C8E /* Release */,
			);
			defaultConfigurationIsVisible = 0;
			defaultConfigurationName = Release;
		};
/* End XCConfigurationList section */
	};
	rootObject = 066581E326BCCE8900684C8E /* Project object */;
}
